
Microsoft Visual Studio Solution File, Format Version 12.00
# Visual Studio Version 16
VisualStudioVersion = 16.0.31129.286
MinimumVisualStudioVersion = 10.0.40219.1
Project("{FAE04EC0-301F-11D3-BF4B-00C04F79EFBC}") = "TestRunner", "TestRunner\TestRunner.csproj", "{8E7D49AA-FCF3-4BD6-9EB2-5CC014C4C757}"
EndProject
Project("{2150E333-8FDC-42A3-9474-1A3956D46DE8}") = "Tests", "Tests", "{AB36016F-7B5F-48F1-97CE-DBFBDAA11413}"
EndProject
Project("{FAE04EC0-301F-11D3-BF4B-00C04F79EFBC}") = "TestInterfaces", "TestInterfaces\TestInterfaces.csproj", "{58D07FDB-A49D-4A0D-AEFD-D27A4A9E5ABE}"
EndProject
Project("{FAE04EC0-301F-11D3-BF4B-00C04F79EFBC}") = "Calculations", "Calculations\Calculations.csproj", "{A2781452-97BF-405A-8349-BD0E626EF04A}"
EndProject
Global
	GlobalSection(SolutionConfigurationPlatforms) = preSolution
		Debug|Any CPU = Debug|Any CPU
		Release|Any CPU = Release|Any CPU
	EndGlobalSection
	GlobalSection(ProjectConfigurationPlatforms) = postSolution
		{8E7D49AA-FCF3-4BD6-9EB2-5CC014C4C757}.Debug|Any CPU.ActiveCfg = Debug|Any CPU
		{8E7D49AA-FCF3-4BD6-9EB2-5CC014C4C757}.Debug|Any CPU.Build.0 = Debug|Any CPU
		{8E7D49AA-FCF3-4BD6-9EB2-5CC014C4C757}.Release|Any CPU.ActiveCfg = Release|Any CPU
		{8E7D49AA-FCF3-4BD6-9EB2-5CC014C4C757}.Release|Any CPU.Build.0 = Release|Any CPU
		{58D07FDB-A49D-4A0D-AEFD-D27A4A9E5ABE}.Debug|Any CPU.ActiveCfg = Debug|Any CPU
		{58D07FDB-A49D-4A0D-AEFD-D27A4A9E5ABE}.Debug|Any CPU.Build.0 = Debug|Any CPU
		{58D07FDB-A49D-4A0D-AEFD-D27A4A9E5ABE}.Release|Any CPU.ActiveCfg = Release|Any CPU
		{58D07FDB-A49D-4A0D-AEFD-D27A4A9E5ABE}.Release|Any CPU.Build.0 = Release|Any CPU
		{A2781452-97BF-405A-8349-BD0E626EF04A}.Debug|Any CPU.ActiveCfg = Debug|Any CPU
		{A2781452-97BF-405A-8349-BD0E626EF04A}.Debug|Any CPU.Build.0 = Debug|Any CPU
		{A2781452-97BF-405A-8349-BD0E626EF04A}.Release|Any CPU.ActiveCfg = Release|Any CPU
		{A2781452-97BF-405A-8349-BD0E626EF04A}.Release|Any CPU.Build.0 = Release|Any CPU
	EndGlobalSection
	GlobalSection(SolutionProperties) = preSolution
		HideSolutionNode = FALSE
	EndGlobalSection
	GlobalSection(NestedProjects) = preSolution
		{A2781452-97BF-405A-8349-BD0E626EF04A} = {AB36016F-7B5F-48F1-97CE-DBFBDAA11413}
	EndGlobalSection
	GlobalSection(ExtensibilityGlobals) = postSolution
		SolutionGuid = {E1A9C9D8-92ED-4FEA-8FEF-DA29691CA1A7}
	EndGlobalSection
EndGlobal
